
Microsoft Visual Studio Solution File, Format Version 12.00
# Visual Studio Version 16
VisualStudioVersion = 16.0.30621.155
MinimumVisualStudioVersion = 10.0.40219.1
Project("{FAE04EC0-301F-11D3-BF4B-00C04F79EFBC}") = "EnumeratorsDemo", "EnumeratorsDemo\EnumeratorsDemo.csproj", "{05E1C143-5376-4CF6-B5D5-A715F060B7EA}"
EndProject
Global
	GlobalSection(SolutionConfigurationPlatforms) = preSolution
		Debug|Any CPU = Debug|Any CPU
		Release|Any CPU = Release|Any CPU
	EndGlobalSection
	GlobalSection(ProjectConfigurationPlatforms) = postSolution
		{05E1C143-5376-4CF6-B5D5-A715F060B7EA}.Debug|Any CPU.ActiveCfg = Debug|Any CPU
		{05E1C143-5376-4CF6-B5D5-A715F060B7EA}.Debug|Any CPU.Build.0 = Debug|Any CPU
		{05E1C143-5376-4CF6-B5D5-A715F060B7EA}.Release|Any CPU.ActiveCfg = Release|Any CPU
		{05E1C143-5376-4CF6-B5D5-A715F060B7EA}.Release|Any CPU.Build.0 = Release|Any CPU
	EndGlobalSection
	GlobalSection(SolutionProperties) = preSolution
		HideSolutionNode = FALSE
	EndGlobalSection
	GlobalSection(ExtensibilityGlobals) = postSolution
		SolutionGuid = {6D4511A7-468D-4FC4-86C3-CB6561D6F790}
	EndGlobalSection
EndGlobal
